
Microsoft Visual Studio Solution File, Format Version 12.00
# Visual Studio 15
VisualStudioVersion = 15.0.28307.779
MinimumVisualStudioVersion = 10.0.40219.1
Project("{FAE04EC0-301F-11D3-BF4B-00C04F79EFBC}") = "Payroll", "Payroll\Payroll.csproj", "{A6ABA855-BE74-4E5F-A1E8-B05E8C6ADDE7}"
EndProject
Global
	GlobalSection(SolutionConfigurationPlatforms) = preSolution
		Debug|Any CPU = Debug|Any CPU
		Release|Any CPU = Release|Any CPU
	EndGlobalSection
	GlobalSection(ProjectConfigurationPlatforms) = postSolution
		{A6ABA855-BE74-4E5F-A1E8-B05E8C6ADDE7}.Debug|Any CPU.ActiveCfg = Debug|Any CPU
		{A6ABA855-BE74-4E5F-A1E8-B05E8C6ADDE7}.Debug|Any CPU.Build.0 = Debug|Any CPU
		{A6ABA855-BE74-4E5F-A1E8-B05E8C6ADDE7}.Release|Any CPU.ActiveCfg = Release|Any CPU
		{A6ABA855-BE74-4E5F-A1E8-B05E8C6ADDE7}.Release|Any CPU.Build.0 = Release|Any CPU
	EndGlobalSection
	GlobalSection(SolutionProperties) = preSolution
		HideSolutionNode = FALSE
	EndGlobalSection
	GlobalSection(ExtensibilityGlobals) = postSolution
		SolutionGuid = {A8D5EA6C-BC93-4AB8-AFE3-0C2D2D12E2B4}
	EndGlobalSection
EndGlobal
